
Microsoft Visual Studio Solution File, Format Version 12.00
# Visual Studio Version 17
VisualStudioVersion = 17.4.33205.214
MinimumVisualStudioVersion = 10.0.40219.1
Project("{2150E333-8FDC-42A3-9474-1A3956D46DE8}") = "2.Application", "2.Application", "{1A2D5C40-5AF5-4959-82AB-3FD9772C448F}"
EndProject
Project("{2150E333-8FDC-42A3-9474-1A3956D46DE8}") = "1.Domain", "1.Domain", "{427AED04-4D1C-465D-849F-EBEAE5B84690}"
EndProject
Project("{2150E333-8FDC-42A3-9474-1A3956D46DE8}") = "3.Infrastructure", "3.Infrastructure", "{2857D340-FE49-453A-9822-4244B4E49A97}"
EndProject
Project("{9A19103F-16F7-4668-BE54-9A1E7A4F7556}") = "CT.EXAMM.Application.Dto", "DPD.HR.Business.Dto\CT.EXAMM.Application.Dto.csproj", "{53DDE5EB-AF94-43A9-8563-8BBBCC19C846}"
EndProject
Project("{9A19103F-16F7-4668-BE54-9A1E7A4F7556}") = "CT.EXAMM.Application.Interface", "DPD.HR.Business.Interface\CT.EXAMM.Application.Interface.csproj", "{D1F6BF24-D3B8-4F42-8D0F-668F05882C37}"
EndProject
Project("{9A19103F-16F7-4668-BE54-9A1E7A4F7556}") = "CT.EXAMM.Application.Utilities", "DPD.HR.Business.Utilities\CT.EXAMM.Application.Utilities.csproj", "{FF67ECE1-0CEE-4E42-9E39-E77DA2BAB7A5}"
EndProject
Project("{9A19103F-16F7-4668-BE54-9A1E7A4F7556}") = "CT.EXAMM.Domain.Core", "DPD.HR.Repository.Core\CT.EXAMM.Domain.Core.csproj", "{95255F64-4923-4C7B-A766-0537677B5096}"
EndProject
Project("{9A19103F-16F7-4668-BE54-9A1E7A4F7556}") = "CT.EXAMM.Application.Queries", "DPD.HR.Business.Queries\CT.EXAMM.Application.Queries.csproj", "{354E0E2F-A44E-498F-8DBA-9C48E3778739}"
EndProject
Project("{9A19103F-16F7-4668-BE54-9A1E7A4F7556}") = "CT.EXAMM.Application.Implement", "DPD.HR.Business.Implement\CT.EXAMM.Application.Implement.csproj", "{21811FC0-9CCB-4933-86E1-B314752635BD}"
EndProject
Project("{9A19103F-16F7-4668-BE54-9A1E7A4F7556}") = "CT.EXAMM.Infrastructure.WebApi", "DPD.HR.WebApi\CT.EXAMM.Infrastructure.WebApi.csproj", "{C3F54F1A-434D-4D33-84CC-4A978ED1050B}"
EndProject
Project("{9A19103F-16F7-4668-BE54-9A1E7A4F7556}") = "CT.EXAMM.Infrastructure.Validation", "DPD.HR.Infrastructure.Validation\CT.EXAMM.Infrastructure.Validation.csproj", "{8A8C4D34-8057-4C09-88E3-94510AE6578C}"
EndProject
Project("{9A19103F-16F7-4668-BE54-9A1E7A4F7556}") = "CT.EXAMM.Domain.Kernel", "DPD.HR.Domain.Kernel\CT.EXAMM.Domain.Kernel.csproj", "{093F3ECF-51E6-4455-811E-CD8F33E9051E}"
EndProject
Project("{2150E333-8FDC-42A3-9474-1A3956D46DE8}") = "4.Test", "4.Test", "{1BFFD6EF-44A6-4D36-8403-5F4DC40B5AA5}"
EndProject
Project("{9A19103F-16F7-4668-BE54-9A1E7A4F7556}") = "Test_Project", "Test_Project\Test_Project.csproj", "{CFBEFDE6-F214-4E5A-9A47-09AFE46886A1}"
EndProject
Global
	GlobalSection(SolutionConfigurationPlatforms) = preSolution
		Debug|Any CPU = Debug|Any CPU
		Release|Any CPU = Release|Any CPU
	EndGlobalSection
	GlobalSection(ProjectConfigurationPlatforms) = postSolution
		{53DDE5EB-AF94-43A9-8563-8BBBCC19C846}.Debug|Any CPU.ActiveCfg = Debug|Any CPU
		{53DDE5EB-AF94-43A9-8563-8BBBCC19C846}.Debug|Any CPU.Build.0 = Debug|Any CPU
		{53DDE5EB-AF94-43A9-8563-8BBBCC19C846}.Release|Any CPU.ActiveCfg = Release|Any CPU
		{53DDE5EB-AF94-43A9-8563-8BBBCC19C846}.Release|Any CPU.Build.0 = Release|Any CPU
		{D1F6BF24-D3B8-4F42-8D0F-668F05882C37}.Debug|Any CPU.ActiveCfg = Debug|Any CPU
		{D1F6BF24-D3B8-4F42-8D0F-668F05882C37}.Debug|Any CPU.Build.0 = Debug|Any CPU
		{D1F6BF24-D3B8-4F42-8D0F-668F05882C37}.Release|Any CPU.ActiveCfg = Release|Any CPU
		{D1F6BF24-D3B8-4F42-8D0F-668F05882C37}.Release|Any CPU.Build.0 = Release|Any CPU
		{FF67ECE1-0CEE-4E42-9E39-E77DA2BAB7A5}.Debug|Any CPU.ActiveCfg = Debug|Any CPU
		{FF67ECE1-0CEE-4E42-9E39-E77DA2BAB7A5}.Debug|Any CPU.Build.0 = Debug|Any CPU
		{FF67ECE1-0CEE-4E42-9E39-E77DA2BAB7A5}.Release|Any CPU.ActiveCfg = Release|Any CPU
		{FF67ECE1-0CEE-4E42-9E39-E77DA2BAB7A5}.Release|Any CPU.Build.0 = Release|Any CPU
		{95255F64-4923-4C7B-A766-0537677B5096}.Debug|Any CPU.ActiveCfg = Debug|Any CPU
		{95255F64-4923-4C7B-A766-0537677B5096}.Debug|Any CPU.Build.0 = Debug|Any CPU
		{95255F64-4923-4C7B-A766-0537677B5096}.Release|Any CPU.ActiveCfg = Release|Any CPU
		{95255F64-4923-4C7B-A766-0537677B5096}.Release|Any CPU.Build.0 = Release|Any CPU
		{354E0E2F-A44E-498F-8DBA-9C48E3778739}.Debug|Any CPU.ActiveCfg = Debug|Any CPU
		{354E0E2F-A44E-498F-8DBA-9C48E3778739}.Debug|Any CPU.Build.0 = Debug|Any CPU
		{354E0E2F-A44E-498F-8DBA-9C48E3778739}.Release|Any CPU.ActiveCfg = Release|Any CPU
		{354E0E2F-A44E-498F-8DBA-9C48E3778739}.Release|Any CPU.Build.0 = Release|Any CPU
		{21811FC0-9CCB-4933-86E1-B314752635BD}.Debug|Any CPU.ActiveCfg = Debug|Any CPU
		{21811FC0-9CCB-4933-86E1-B314752635BD}.Debug|Any CPU.Build.0 = Debug|Any CPU
		{21811FC0-9CCB-4933-86E1-B314752635BD}.Release|Any CPU.ActiveCfg = Release|Any CPU
		{21811FC0-9CCB-4933-86E1-B314752635BD}.Release|Any CPU.Build.0 = Release|Any CPU
		{C3F54F1A-434D-4D33-84CC-4A978ED1050B}.Debug|Any CPU.ActiveCfg = Debug|Any CPU
		{C3F54F1A-434D-4D33-84CC-4A978ED1050B}.Debug|Any CPU.Build.0 = Debug|Any CPU
		{C3F54F1A-434D-4D33-84CC-4A978ED1050B}.Release|Any CPU.ActiveCfg = Release|Any CPU
		{C3F54F1A-434D-4D33-84CC-4A978ED1050B}.Release|Any CPU.Build.0 = Release|Any CPU
		{8A8C4D34-8057-4C09-88E3-94510AE6578C}.Debug|Any CPU.ActiveCfg = Debug|Any CPU
		{8A8C4D34-8057-4C09-88E3-94510AE6578C}.Debug|Any CPU.Build.0 = Debug|Any CPU
		{8A8C4D34-8057-4C09-88E3-94510AE6578C}.Release|Any CPU.ActiveCfg = Release|Any CPU
		{8A8C4D34-8057-4C09-88E3-94510AE6578C}.Release|Any CPU.Build.0 = Release|Any CPU
		{093F3ECF-51E6-4455-811E-CD8F33E9051E}.Debug|Any CPU.ActiveCfg = Debug|Any CPU
		{093F3ECF-51E6-4455-811E-CD8F33E9051E}.Debug|Any CPU.Build.0 = Debug|Any CPU
		{093F3ECF-51E6-4455-811E-CD8F33E9051E}.Release|Any CPU.ActiveCfg = Release|Any CPU
		{093F3ECF-51E6-4455-811E-CD8F33E9051E}.Release|Any CPU.Build.0 = Release|Any CPU
		{CFBEFDE6-F214-4E5A-9A47-09AFE46886A1}.Debug|Any CPU.ActiveCfg = Debug|Any CPU
		{CFBEFDE6-F214-4E5A-9A47-09AFE46886A1}.Debug|Any CPU.Build.0 = Debug|Any CPU
		{CFBEFDE6-F214-4E5A-9A47-09AFE46886A1}.Release|Any CPU.ActiveCfg = Release|Any CPU
		{CFBEFDE6-F214-4E5A-9A47-09AFE46886A1}.Release|Any CPU.Build.0 = Release|Any CPU
	EndGlobalSection
	GlobalSection(SolutionProperties) = preSolution
		HideSolutionNode = FALSE
	EndGlobalSection
	GlobalSection(NestedProjects) = preSolution
		{53DDE5EB-AF94-43A9-8563-8BBBCC19C846} = {1A2D5C40-5AF5-4959-82AB-3FD9772C448F}
		{D1F6BF24-D3B8-4F42-8D0F-668F05882C37} = {1A2D5C40-5AF5-4959-82AB-3FD9772C448F}
		{FF67ECE1-0CEE-4E42-9E39-E77DA2BAB7A5} = {1A2D5C40-5AF5-4959-82AB-3FD9772C448F}
		{95255F64-4923-4C7B-A766-0537677B5096} = {427AED04-4D1C-465D-849F-EBEAE5B84690}
		{354E0E2F-A44E-498F-8DBA-9C48E3778739} = {1A2D5C40-5AF5-4959-82AB-3FD9772C448F}
		{21811FC0-9CCB-4933-86E1-B314752635BD} = {1A2D5C40-5AF5-4959-82AB-3FD9772C448F}
		{C3F54F1A-434D-4D33-84CC-4A978ED1050B} = {2857D340-FE49-453A-9822-4244B4E49A97}
		{8A8C4D34-8057-4C09-88E3-94510AE6578C} = {2857D340-FE49-453A-9822-4244B4E49A97}
		{093F3ECF-51E6-4455-811E-CD8F33E9051E} = {427AED04-4D1C-465D-849F-EBEAE5B84690}
		{CFBEFDE6-F214-4E5A-9A47-09AFE46886A1} = {1BFFD6EF-44A6-4D36-8403-5F4DC40B5AA5}
	EndGlobalSection
	GlobalSection(ExtensibilityGlobals) = postSolution
		SolutionGuid = {05AFFC50-AA0C-4D97-ACC1-DE6AD8049AB5}
	EndGlobalSection
EndGlobal
